
Microsoft Visual Studio Solution File, Format Version 12.00
# Visual Studio 15
VisualStudioVersion = 15.0.26124.0
MinimumVisualStudioVersion = 15.0.26124.0
Project("{2150E333-8FDC-42A3-9474-1A3956D46DE8}") = "src", "src", "{2F7E142C-7E11-4F5C-8820-292ABE9E9AE6}"
EndProject
Project("{FAE04EC0-301F-11D3-BF4B-00C04F79EFBC}") = "ExtensionMethods", "src\ExtensionMethods\ExtensionMethods.csproj", "{CFD2C4FB-62FB-40A5-B931-4EDA2C1DFC34}"
EndProject
Global
	GlobalSection(SolutionConfigurationPlatforms) = preSolution
		Debug|Any CPU = Debug|Any CPU
		Debug|x64 = Debug|x64
		Debug|x86 = Debug|x86
		Release|Any CPU = Release|Any CPU
		Release|x64 = Release|x64
		Release|x86 = Release|x86
	EndGlobalSection
	GlobalSection(SolutionProperties) = preSolution
		HideSolutionNode = FALSE
	EndGlobalSection
	GlobalSection(ProjectConfigurationPlatforms) = postSolution
		{CFD2C4FB-62FB-40A5-B931-4EDA2C1DFC34}.Debug|Any CPU.ActiveCfg = Debug|Any CPU
		{CFD2C4FB-62FB-40A5-B931-4EDA2C1DFC34}.Debug|Any CPU.Build.0 = Debug|Any CPU
		{CFD2C4FB-62FB-40A5-B931-4EDA2C1DFC34}.Debug|x64.ActiveCfg = Debug|Any CPU
		{CFD2C4FB-62FB-40A5-B931-4EDA2C1DFC34}.Debug|x64.Build.0 = Debug|Any CPU
		{CFD2C4FB-62FB-40A5-B931-4EDA2C1DFC34}.Debug|x86.ActiveCfg = Debug|Any CPU
		{CFD2C4FB-62FB-40A5-B931-4EDA2C1DFC34}.Debug|x86.Build.0 = Debug|Any CPU
		{CFD2C4FB-62FB-40A5-B931-4EDA2C1DFC34}.Release|Any CPU.ActiveCfg = Release|Any CPU
		{CFD2C4FB-62FB-40A5-B931-4EDA2C1DFC34}.Release|Any CPU.Build.0 = Release|Any CPU
		{CFD2C4FB-62FB-40A5-B931-4EDA2C1DFC34}.Release|x64.ActiveCfg = Release|Any CPU
		{CFD2C4FB-62FB-40A5-B931-4EDA2C1DFC34}.Release|x64.Build.0 = Release|Any CPU
		{CFD2C4FB-62FB-40A5-B931-4EDA2C1DFC34}.Release|x86.ActiveCfg = Release|Any CPU
		{CFD2C4FB-62FB-40A5-B931-4EDA2C1DFC34}.Release|x86.Build.0 = Release|Any CPU
	EndGlobalSection
	GlobalSection(NestedProjects) = preSolution
		{CFD2C4FB-62FB-40A5-B931-4EDA2C1DFC34} = {2F7E142C-7E11-4F5C-8820-292ABE9E9AE6}
	EndGlobalSection
EndGlobal
